
Microsoft Visual Studio Solution File, Format Version 12.00
# Visual Studio Version 17
VisualStudioVersion = 17.0.31912.275
MinimumVisualStudioVersion = 10.0.40219.1
Project("{9A19103F-16F7-4668-BE54-9A1E7A4F7556}") = "TatraRidges.Model", "TatraRidgesModel\TatraRidges.Model.csproj", "{CA4FCF0B-D986-4F8E-A5FA-5088B1E8012D}"
EndProject
Project("{9A19103F-16F7-4668-BE54-9A1E7A4F7556}") = "TatraRidgesAPI", "TatraRidgesAPI\TatraRidgesAPI.csproj", "{77F95E0D-E1FF-4A7B-ADEB-5EAA4220709D}"
EndProject
Project("{FAE04EC0-301F-11D3-BF4B-00C04F79EFBC}") = "Tatra.Ridges.Model.UnitTests", "Tatra.Ridges.Model.UnitTests\Tatra.Ridges.Model.UnitTests.csproj", "{1128A88A-1C87-4D0B-A5CB-139061434DDA}"
EndProject
Global
	GlobalSection(SolutionConfigurationPlatforms) = preSolution
		Debug|Any CPU = Debug|Any CPU
		Release|Any CPU = Release|Any CPU
	EndGlobalSection
	GlobalSection(ProjectConfigurationPlatforms) = postSolution
		{CA4FCF0B-D986-4F8E-A5FA-5088B1E8012D}.Debug|Any CPU.ActiveCfg = Debug|Any CPU
		{CA4FCF0B-D986-4F8E-A5FA-5088B1E8012D}.Debug|Any CPU.Build.0 = Debug|Any CPU
		{CA4FCF0B-D986-4F8E-A5FA-5088B1E8012D}.Release|Any CPU.ActiveCfg = Release|Any CPU
		{CA4FCF0B-D986-4F8E-A5FA-5088B1E8012D}.Release|Any CPU.Build.0 = Release|Any CPU
		{77F95E0D-E1FF-4A7B-ADEB-5EAA4220709D}.Debug|Any CPU.ActiveCfg = Debug|Any CPU
		{77F95E0D-E1FF-4A7B-ADEB-5EAA4220709D}.Debug|Any CPU.Build.0 = Debug|Any CPU
		{77F95E0D-E1FF-4A7B-ADEB-5EAA4220709D}.Release|Any CPU.ActiveCfg = Release|Any CPU
		{77F95E0D-E1FF-4A7B-ADEB-5EAA4220709D}.Release|Any CPU.Build.0 = Release|Any CPU
		{1128A88A-1C87-4D0B-A5CB-139061434DDA}.Debug|Any CPU.ActiveCfg = Debug|Any CPU
		{1128A88A-1C87-4D0B-A5CB-139061434DDA}.Debug|Any CPU.Build.0 = Debug|Any CPU
		{1128A88A-1C87-4D0B-A5CB-139061434DDA}.Release|Any CPU.ActiveCfg = Release|Any CPU
		{1128A88A-1C87-4D0B-A5CB-139061434DDA}.Release|Any CPU.Build.0 = Release|Any CPU
	EndGlobalSection
	GlobalSection(SolutionProperties) = preSolution
		HideSolutionNode = FALSE
	EndGlobalSection
	GlobalSection(ExtensibilityGlobals) = postSolution
		SolutionGuid = {BBF8D4D8-AB51-4EE6-996D-7F351429D8FD}
	EndGlobalSection
EndGlobal
