
Microsoft Visual Studio Solution File, Format Version 12.00
# Visual Studio Version 17
VisualStudioVersion = 17.0.31912.275
MinimumVisualStudioVersion = 10.0.40219.1
Project("{9A19103F-16F7-4668-BE54-9A1E7A4F7556}") = "TatraRidges.Model", "TatraRidgesModel\TatraRidges.Model.csproj", "{CA4FCF0B-D986-4F8E-A5FA-5088B1E8012D}"
EndProject
Project("{9A19103F-16F7-4668-BE54-9A1E7A4F7556}") = "TatraRidgesAPI", "TatraRidgesAPI\TatraRidgesAPI.csproj", "{77F95E0D-E1FF-4A7B-ADEB-5EAA4220709D}"
EndProject
Project("{9A19103F-16F7-4668-BE54-9A1E7A4F7556}") = "TatraRidges.Model.UnitTests", "TatraRidges.Model.UnitTests\TatraRidges.Model.UnitTests.csproj", "{A083FE53-25E4-406D-9470-93EB247569E1}"
EndProject
Project("{FAE04EC0-301F-11D3-BF4B-00C04F79EFBC}") = "TatraRidgesAPI.IntegrationTests", "TatraRidgesAPI.IntegrationTests\TatraRidgesAPI.IntegrationTests.csproj", "{48632DE5-4BD4-4EFB-B017-42161F0B5F3A}"
EndProject
Global
	GlobalSection(SolutionConfigurationPlatforms) = preSolution
		Debug|Any CPU = Debug|Any CPU
		Release|Any CPU = Release|Any CPU
	EndGlobalSection
	GlobalSection(ProjectConfigurationPlatforms) = postSolution
		{CA4FCF0B-D986-4F8E-A5FA-5088B1E8012D}.Debug|Any CPU.ActiveCfg = Debug|Any CPU
		{CA4FCF0B-D986-4F8E-A5FA-5088B1E8012D}.Debug|Any CPU.Build.0 = Debug|Any CPU
		{CA4FCF0B-D986-4F8E-A5FA-5088B1E8012D}.Release|Any CPU.ActiveCfg = Release|Any CPU
		{CA4FCF0B-D986-4F8E-A5FA-5088B1E8012D}.Release|Any CPU.Build.0 = Release|Any CPU
		{77F95E0D-E1FF-4A7B-ADEB-5EAA4220709D}.Debug|Any CPU.ActiveCfg = Debug|Any CPU
		{77F95E0D-E1FF-4A7B-ADEB-5EAA4220709D}.Debug|Any CPU.Build.0 = Debug|Any CPU
		{77F95E0D-E1FF-4A7B-ADEB-5EAA4220709D}.Release|Any CPU.ActiveCfg = Release|Any CPU
		{77F95E0D-E1FF-4A7B-ADEB-5EAA4220709D}.Release|Any CPU.Build.0 = Release|Any CPU
		{A083FE53-25E4-406D-9470-93EB247569E1}.Debug|Any CPU.ActiveCfg = Debug|Any CPU
		{A083FE53-25E4-406D-9470-93EB247569E1}.Debug|Any CPU.Build.0 = Debug|Any CPU
		{A083FE53-25E4-406D-9470-93EB247569E1}.Release|Any CPU.ActiveCfg = Release|Any CPU
		{A083FE53-25E4-406D-9470-93EB247569E1}.Release|Any CPU.Build.0 = Release|Any CPU
		{48632DE5-4BD4-4EFB-B017-42161F0B5F3A}.Debug|Any CPU.ActiveCfg = Debug|Any CPU
		{48632DE5-4BD4-4EFB-B017-42161F0B5F3A}.Debug|Any CPU.Build.0 = Debug|Any CPU
		{48632DE5-4BD4-4EFB-B017-42161F0B5F3A}.Release|Any CPU.ActiveCfg = Release|Any CPU
		{48632DE5-4BD4-4EFB-B017-42161F0B5F3A}.Release|Any CPU.Build.0 = Release|Any CPU
	EndGlobalSection
	GlobalSection(SolutionProperties) = preSolution
		HideSolutionNode = FALSE
	EndGlobalSection
	GlobalSection(ExtensibilityGlobals) = postSolution
		SolutionGuid = {BBF8D4D8-AB51-4EE6-996D-7F351429D8FD}
	EndGlobalSection
EndGlobal
